
Microsoft Visual Studio Solution File, Format Version 12.00
# Visual Studio Version 17
VisualStudioVersion = 17.0.32014.148
MinimumVisualStudioVersion = 10.0.40219.1
Project("{9A19103F-16F7-4668-BE54-9A1E7A4F7556}") = "NotificationWorker", "NotificationWorker\NotificationWorker.csproj", "{8D1603CC-29E6-4BE1-AA57-D868B9CB4EA4}"
EndProject
Global
	GlobalSection(SolutionConfigurationPlatforms) = preSolution
		Debug|Any CPU = Debug|Any CPU
		Release|Any CPU = Release|Any CPU
	EndGlobalSection
	GlobalSection(ProjectConfigurationPlatforms) = postSolution
		{8D1603CC-29E6-4BE1-AA57-D868B9CB4EA4}.Debug|Any CPU.ActiveCfg = Debug|Any CPU
		{8D1603CC-29E6-4BE1-AA57-D868B9CB4EA4}.Debug|Any CPU.Build.0 = Debug|Any CPU
		{8D1603CC-29E6-4BE1-AA57-D868B9CB4EA4}.Release|Any CPU.ActiveCfg = Release|Any CPU
		{8D1603CC-29E6-4BE1-AA57-D868B9CB4EA4}.Release|Any CPU.Build.0 = Release|Any CPU
	EndGlobalSection
	GlobalSection(SolutionProperties) = preSolution
		HideSolutionNode = FALSE
	EndGlobalSection
	GlobalSection(ExtensibilityGlobals) = postSolution
		SolutionGuid = {1F479AE2-1609-4CAE-B6CF-88E535975807}
	EndGlobalSection
EndGlobal
